
Microsoft Visual Studio Solution File, Format Version 12.00
# Visual Studio Version 16
VisualStudioVersion = 16.0.32228.343
MinimumVisualStudioVersion = 10.0.40219.1
Project("{FAE04EC0-301F-11D3-BF4B-00C04F79EFBC}") = "PickRandomCards", "PickRandomCards\PickRandomCards.csproj", "{E8A99799-4FD4-4AF8-86F2-47C446F4FE5E}"
EndProject
Global
	GlobalSection(SolutionConfigurationPlatforms) = preSolution
		Debug|Any CPU = Debug|Any CPU
		Release|Any CPU = Release|Any CPU
	EndGlobalSection
	GlobalSection(ProjectConfigurationPlatforms) = postSolution
		{E8A99799-4FD4-4AF8-86F2-47C446F4FE5E}.Debug|Any CPU.ActiveCfg = Debug|Any CPU
		{E8A99799-4FD4-4AF8-86F2-47C446F4FE5E}.Debug|Any CPU.Build.0 = Debug|Any CPU
		{E8A99799-4FD4-4AF8-86F2-47C446F4FE5E}.Release|Any CPU.ActiveCfg = Release|Any CPU
		{E8A99799-4FD4-4AF8-86F2-47C446F4FE5E}.Release|Any CPU.Build.0 = Release|Any CPU
	EndGlobalSection
	GlobalSection(SolutionProperties) = preSolution
		HideSolutionNode = FALSE
	EndGlobalSection
	GlobalSection(ExtensibilityGlobals) = postSolution
		SolutionGuid = {A5D7C401-435B-4FC1-97D8-1E44EE7E1C94}
	EndGlobalSection
EndGlobal
